<?xml version="1.0" encoding="utf-8"?>
<Project ToolsVersion="4.0" xmlns="http://schemas.microsoft.com/developer/msbuild/2003">
  <ItemGroup>
    <Filter Include="源文件">
      <UniqueIdentifier>{4FC737F1-C7A5-4376-A066-2A32D752A2FF}</UniqueIdentifier>
      <Extensions>cpp;c;cc;cxx;c++;cppm;ixx;def;odl;idl;hpj;bat;asm;asmx</Extensions>
    </Filter>
    <Filter Include="头文件">
      <UniqueIdentifier>{93995380-89BD-4b04-88EB-625FBE52EBFB}</UniqueIdentifier>
      <Extensions>h;hh;hpp;hxx;h++;hm;inl;inc;ipp;xsd</Extensions>
    </Filter>
    <Filter Include="资源文件">
      <UniqueIdentifier>{67DA6AB6-F800-4c08-8B7A-83BB121AAD01}</UniqueIdentifier>
      <Extensions>rc;ico;cur;bmp;dlg;rc2;rct;bin;rgs;gif;jpg;jpeg;jpe;resx;tiff;tif;png;wav;mfcribbon-ms</Extensions>
    </Filter>
  </ItemGroup>
  <ItemGroup>
    <ClCompile Include="src\glad.c">
      <Filter>源文件</Filter>
    </ClCompile>
    <ClCompile Include="src\private\TextureTest.cpp">
      <Filter>源文件</Filter>
    </ClCompile>
    <ClCompile Include="src\private\ShaderTest.cpp">
      <Filter>源文件</Filter>
    </ClCompile>
    <ClCompile Include="src\private\TextureTest2.cpp">
      <Filter>源文件</Filter>
    </ClCompile>
    <ClCompile Include="src\private\TextureTest3.cpp">
      <Filter>源文件</Filter>
    </ClCompile>
    <ClCompile Include="src\private\TextureTest4.cpp">
      <Filter>源文件</Filter>
    </ClCompile>
    <ClCompile Include="src\private\Transformations.cpp">
      <Filter>源文件</Filter>
    </ClCompile>
    <ClCompile Include="src\private\3D.cpp">
      <Filter>源文件</Filter>
    </ClCompile>
    <ClCompile Include="src\private\3D2.cpp">
      <Filter>源文件</Filter>
    </ClCompile>
    <ClCompile Include="src\private\3D3.cpp">
      <Filter>源文件</Filter>
    </ClCompile>
    <ClCompile Include="src\private\Colors.cpp">
      <Filter>源文件</Filter>
    </ClCompile>
    <ClCompile Include="src\private\Basic_lighting_diffuse.cpp">
      <Filter>源文件</Filter>
    </ClCompile>
    <ClCompile Include="src\private\basic_lighting_specular.cpp">
      <Filter>源文件</Filter>
    </ClCompile>
  </ItemGroup>
  <ItemGroup>
    <None Include="Shaders\FragmentShaders\FragmentColorShader.fs" />
    <None Include="Shaders\VertexShaders\TriangleVertexShader.vs" />
    <None Include="src\Shaders\FragmentShaders\FragmentColorShader.fs" />
    <None Include="src\Shaders\VertexShaders\TriangleVertexShader.vs" />
    <None Include="src\Shaders\FragmentShaders\TextureTest.fs" />
    <None Include="src\Shaders\VertexShaders\TextureTest.vs" />
    <None Include="src\Shaders\FragmentShaders\TextureTest2.fs" />
    <None Include="src\Shaders\FragmentShaders\TextureTest3.fs" />
    <None Include="src\Shaders\FragmentShaders\TextureTest4.fs" />
    <None Include="src\Shaders\VertexShaders\Transformations.vs" />
    <None Include="src\Shaders\FragmentShaders\Transformations.fs" />
    <None Include="src\Shaders\VertexShaders\3D.vs" />
    <None Include="src\Shaders\FragmentShaders\Colors.fs" />
    <None Include="src\Shaders\FragmentShaders\LightCube.fs" />
    <None Include="src\Shaders\VertexShaders\Colors.vs" />
    <None Include="src\Shaders\VertexShaders\LightCube.vs" />
    <None Include="src\Shaders\FragmentShaders\2.1BaseLighting.fs" />
    <None Include="src\Shaders\FragmentShaders\2.1LightCube.fs" />
    <None Include="src\Shaders\FragmentShaders\2.2.basic_lighting.fs" />
    <None Include="src\Shaders\FragmentShaders\2.2.light_cube.fs" />
    <None Include="src\Shaders\VertexShaders\2.1BaseLighting.vs" />
    <None Include="src\Shaders\VertexShaders\2.1LightCube.vs" />
    <None Include="src\Shaders\VertexShaders\2.2.basic_lighting.vs" />
    <None Include="src\Shaders\VertexShaders\2.2.light_cube.vs" />
    <None Include="src\Shaders\VertexShaders\FragmentColorShader.fs" />
  </ItemGroup>
  <ItemGroup>
    <Image Include="src\Image\Resources\container.jpg">
      <Filter>资源文件</Filter>
    </Image>
    <Image Include="src\Image\Resources\awesomeface.png">
      <Filter>资源文件</Filter>
    </Image>
  </ItemGroup>
  <ItemGroup>
    <ClInclude Include="src\public\Camera.h">
      <Filter>头文件</Filter>
    </ClInclude>
  </ItemGroup>
</Project>